
Microsoft Visual Studio Solution File, Format Version 12.00
# Visual Studio 2015
Project("{FAE04EC0-301F-11D3-BF4B-00C04F79EFBC}") = "ResourcesManager", "ResourcesManager.csproj", "{22B40799-43B2-793C-5884-6845AB8C84AF}"
EndProject
Project("{FAE04EC0-301F-11D3-BF4B-00C04F79EFBC}") = "ResourcesManager.Editor", "ResourcesManager.Editor.csproj", "{9736C579-2924-72AA-81E7-6FB9BBFB7182}"
EndProject
Global
	GlobalSection(SolutionConfigurationPlatforms) = preSolution
		Debug|Any CPU = Debug|Any CPU
		Release|Any CPU = Release|Any CPU
	EndGlobalSection
	GlobalSection(ProjectConfigurationPlatforms) = postSolution
		{22B40799-43B2-793C-5884-6845AB8C84AF}.Debug|Any CPU.ActiveCfg = Debug|Any CPU
		{22B40799-43B2-793C-5884-6845AB8C84AF}.Debug|Any CPU.Build.0 = Debug|Any CPU
		{22B40799-43B2-793C-5884-6845AB8C84AF}.Release|Any CPU.ActiveCfg = Release|Any CPU
		{22B40799-43B2-793C-5884-6845AB8C84AF}.Release|Any CPU.Build.0 = Release|Any CPU
		{9736C579-2924-72AA-81E7-6FB9BBFB7182}.Debug|Any CPU.ActiveCfg = Debug|Any CPU
		{9736C579-2924-72AA-81E7-6FB9BBFB7182}.Debug|Any CPU.Build.0 = Debug|Any CPU
		{9736C579-2924-72AA-81E7-6FB9BBFB7182}.Release|Any CPU.ActiveCfg = Release|Any CPU
		{9736C579-2924-72AA-81E7-6FB9BBFB7182}.Release|Any CPU.Build.0 = Release|Any CPU
	EndGlobalSection
	GlobalSection(SolutionProperties) = preSolution
		HideSolutionNode = FALSE
	EndGlobalSection
EndGlobal
